// !$*UTF8*$!
{
	archiveVersion = 1;
	classes = {
	};
	objectVersion = 55;
	objects = {

/* Begin PBXBuildFile section */
		3691CE98287FAB9C00636AC3 /* XJBleSDK.docc in Sources */ = {isa = PBXBuildFile; fileRef = 3691CE97287FAB9C00636AC3 /* XJBleSDK.docc */; };
		3691CE99287FAB9C00636AC3 /* XJBleSDK.h in Headers */ = {isa = PBXBuildFile; fileRef = 3691CE96287FAB9C00636AC3 /* XJBleSDK.h */; settings = {ATTRIBUTES = (Public, ); }; };
		3691CEA6287FABB500636AC3 /* ZXYBSdkObject.h in Headers */ = {isa = PBXBuildFile; fileRef = 3691CE9F287FABB500636AC3 /* ZXYBSdkObject.h */; settings = {ATTRIBUTES = (Public, ); }; };
		3691CEA7287FABB500636AC3 /* XYConstant.h in Headers */ = {isa = PBXBuildFile; fileRef = 3691CEA0287FABB500636AC3 /* XYConstant.h */; };
		3691CEA8287FABB500636AC3 /* XYManager.h in Headers */ = {isa = PBXBuildFile; fileRef = 3691CEA1287FABB500636AC3 /* XYManager.h */; };
		3691CEA9287FABB500636AC3 /* ZXYBSdkObject.m in Sources */ = {isa = PBXBuildFile; fileRef = 3691CEA2287FABB500636AC3 /* ZXYBSdkObject.m */; };
		3691CEAA287FABB500636AC3 /* ZXYBSdk.m in Sources */ = {isa = PBXBuildFile; fileRef = 3691CEA3287FABB500636AC3 /* ZXYBSdk.m */; };
		3691CEAB287FABB500636AC3 /* ZXYBSdk.h in Headers */ = {isa = PBXBuildFile; fileRef = 3691CEA4287FABB500636AC3 /* ZXYBSdk.h */; settings = {ATTRIBUTES = (Public, ); }; };
		3691CEAC287FABB500636AC3 /* XYManager.m in Sources */ = {isa = PBXBuildFile; fileRef = 3691CEA5287FABB500636AC3 /* XYManager.m */; };
/* End PBXBuildFile section */

/* Begin PBXFileReference section */
		3691CE93287FAB9C00636AC3 /* XJBleSDK.framework */ = {isa = PBXFileReference; explicitFileType = wrapper.framework; includeInIndex = 0; path = XJBleSDK.framework; sourceTree = BUILT_PRODUCTS_DIR; };
		3691CE96287FAB9C00636AC3 /* XJBleSDK.h */ = {isa = PBXFileReference; lastKnownFileType = sourcecode.c.h; path = XJBleSDK.h; sourceTree = "<group>"; };
		3691CE97287FAB9C00636AC3 /* XJBleSDK.docc */ = {isa = PBXFileReference; lastKnownFileType = folder.documentationcatalog; path = XJBleSDK.docc; sourceTree = "<group>"; };
		3691CE9F287FABB500636AC3 /* ZXYBSdkObject.h */ = {isa = PBXFileReference; fileEncoding = 4; lastKnownFileType = sourcecode.c.h; path = ZXYBSdkObject.h; sourceTree = "<group>"; };
		3691CEA0287FABB500636AC3 /* XYConstant.h */ = {isa = PBXFileReference; fileEncoding = 4; lastKnownFileType = sourcecode.c.h; path = XYConstant.h; sourceTree = "<group>"; };
		3691CEA1287FABB500636AC3 /* XYManager.h */ = {isa = PBXFileReference; fileEncoding = 4; lastKnownFileType = sourcecode.c.h; path = XYManager.h; sourceTree = "<group>"; };
		3691CEA2287FABB500636AC3 /* ZXYBSdkObject.m */ = {isa = PBXFileReference; fileEncoding = 4; lastKnownFileType = sourcecode.c.objc; path = ZXYBSdkObject.m; sourceTree = "<group>"; };
		3691CEA3287FABB500636AC3 /* ZXYBSdk.m */ = {isa = PBXFileReference; fileEncoding = 4; lastKnownFileType = sourcecode.c.objc; path = ZXYBSdk.m; sourceTree = "<group>"; };
		3691CEA4287FABB500636AC3 /* ZXYBSdk.h */ = {isa = PBXFileReference; fileEncoding = 4; lastKnownFileType = sourcecode.c.h; path = ZXYBSdk.h; sourceTree = "<group>"; };
		3691CEA5287FABB500636AC3 /* XYManager.m */ = {isa = PBXFileReference; fileEncoding = 4; lastKnownFileType = sourcecode.c.objc; path = XYManager.m; sourceTree = "<group>"; };
/* End PBXFileReference section */

/* Begin PBXFrameworksBuildPhase section */
		3691CE90287FAB9C00636AC3 /* Frameworks */ = {
			isa = PBXFrameworksBuildPhase;
			buildActionMask = 2147483647;
			files = (
			);
			runOnlyForDeploymentPostprocessing = 0;
		};
/* End PBXFrameworksBuildPhase section */

/* Begin PBXGroup section */
		3691CE89287FAB9C00636AC3 = {
			isa = PBXGroup;
			children = (
				3691CE95287FAB9C00636AC3 /* XJBleSDK */,
				3691CE94287FAB9C00636AC3 /* Products */,
			);
			sourceTree = "<group>";
		};
		3691CE94287FAB9C00636AC3 /* Products */ = {
			isa = PBXGroup;
			children = (
				3691CE93287FAB9C00636AC3 /* XJBleSDK.framework */,
			);
			name = Products;
			sourceTree = "<group>";
		};
		3691CE95287FAB9C00636AC3 /* XJBleSDK */ = {
			isa = PBXGroup;
			children = (
				3691CE96287FAB9C00636AC3 /* XJBleSDK.h */,
				3691CEA0287FABB500636AC3 /* XYConstant.h */,
				3691CEA1287FABB500636AC3 /* XYManager.h */,
				3691CEA5287FABB500636AC3 /* XYManager.m */,
				3691CEA4287FABB500636AC3 /* ZXYBSdk.h */,
				3691CEA3287FABB500636AC3 /* ZXYBSdk.m */,
				3691CE9F287FABB500636AC3 /* ZXYBSdkObject.h */,
				3691CEA2287FABB500636AC3 /* ZXYBSdkObject.m */,
				3691CE97287FAB9C00636AC3 /* XJBleSDK.docc */,
			);
			path = XJBleSDK;
			sourceTree = "<group>";
		};
/* End PBXGroup section */

/* Begin PBXHeadersBuildPhase section */
		3691CE8E287FAB9C00636AC3 /* Headers */ = {
			isa = PBXHeadersBuildPhase;
			buildActionMask = 2147483647;
			files = (
				3691CE99287FAB9C00636AC3 /* XJBleSDK.h in Headers */,
				3691CEAB287FABB500636AC3 /* ZXYBSdk.h in Headers */,
				3691CEA6287FABB500636AC3 /* ZXYBSdkObject.h in Headers */,
				3691CEA8287FABB500636AC3 /* XYManager.h in Headers */,
				3691CEA7287FABB500636AC3 /* XYConstant.h in Headers */,
			);
			runOnlyForDeploymentPostprocessing = 0;
		};
/* End PBXHeadersBuildPhase section */

/* Begin PBXNativeTarget section */
		3691CE92287FAB9C00636AC3 /* XJBleSDK */ = {
			isa = PBXNativeTarget;
			buildConfigurationList = 3691CE9C287FAB9C00636AC3 /* Build configuration list for PBXNativeTarget "XJBleSDK" */;
			buildPhases = (
				3691CE8E287FAB9C00636AC3 /* Headers */,
				3691CE8F287FAB9C00636AC3 /* Sources */,
				3691CE90287FAB9C00636AC3 /* Frameworks */,
				3691CE91287FAB9C00636AC3 /* Resources */,
			);
			buildRules = (
			);
			dependencies = (
			);
			name = XJBleSDK;
			productName = XJBleSDK;
			productReference = 3691CE93287FAB9C00636AC3 /* XJBleSDK.framework */;
			productType = "com.apple.product-type.framework";
		};
/* End PBXNativeTarget section */

/* Begin PBXProject section */
		3691CE8A287FAB9C00636AC3 /* Project object */ = {
			isa = PBXProject;
			attributes = {
				BuildIndependentTargetsInParallel = 1;
				LastUpgradeCheck = 1330;
				TargetAttributes = {
					3691CE92287FAB9C00636AC3 = {
						CreatedOnToolsVersion = 13.3;
					};
				};
			};
			buildConfigurationList = 3691CE8D287FAB9C00636AC3 /* Build configuration list for PBXProject "XJBleSDK" */;
			compatibilityVersion = "Xcode 13.0";
			developmentRegion = en;
			hasScannedForEncodings = 0;
			knownRegions = (
				en,
				Base,
			);
			mainGroup = 3691CE89287FAB9C00636AC3;
			productRefGroup = 3691CE94287FAB9C00636AC3 /* Products */;
			projectDirPath = "";
			projectRoot = "";
			targets = (
				3691CE92287FAB9C00636AC3 /* XJBleSDK */,
			);
		};
/* End PBXProject section */

/* Begin PBXResourcesBuildPhase section */
		3691CE91287FAB9C00636AC3 /* Resources */ = {
			isa = PBXResourcesBuildPhase;
			buildActionMask = 2147483647;
			files = (
			);
			runOnlyForDeploymentPostprocessing = 0;
		};
/* End PBXResourcesBuildPhase section */

/* Begin PBXSourcesBuildPhase section */
		3691CE8F287FAB9C00636AC3 /* Sources */ = {
			isa = PBXSourcesBuildPhase;
			buildActionMask = 2147483647;
			files = (
				3691CEAA287FABB500636AC3 /* ZXYBSdk.m in Sources */,
				3691CEA9287FABB500636AC3 /* ZXYBSdkObject.m in Sources */,
				3691CEAC287FABB500636AC3 /* XYManager.m in Sources */,
				3691CE98287FAB9C00636AC3 /* XJBleSDK.docc in Sources */,
			);
			runOnlyForDeploymentPostprocessing = 0;
		};
/* End PBXSourcesBuildPhase section */

/* Begin XCBuildConfiguration section */
		3691CE9A287FAB9C00636AC3 /* Debug */ = {
			isa = XCBuildConfiguration;
			buildSettings = {
				ALWAYS_SEARCH_USER_PATHS = NO;
				CLANG_ANALYZER_NONNULL = YES;
				CLANG_ANALYZER_NUMBER_OBJECT_CONVERSION = YES_AGGRESSIVE;
				CLANG_CXX_LANGUAGE_STANDARD = "gnu++17";
				CLANG_ENABLE_MODULES = YES;
				CLANG_ENABLE_OBJC_ARC = YES;
				CLANG_ENABLE_OBJC_WEAK = YES;
				CLANG_WARN_BLOCK_CAPTURE_AUTORELEASING = YES;
				CLANG_WARN_BOOL_CONVERSION = YES;
				CLANG_WARN_COMMA = YES;
				CLANG_WARN_CONSTANT_CONVERSION = YES;
				CLANG_WARN_DEPRECATED_OBJC_IMPLEMENTATIONS = YES;
				CLANG_WARN_DIRECT_OBJC_ISA_USAGE = YES_ERROR;
				CLANG_WARN_DOCUMENTATION_COMMENTS = YES;
				CLANG_WARN_EMPTY_BODY = YES;
				CLANG_WARN_ENUM_CONVERSION = YES;
				CLANG_WARN_INFINITE_RECURSION = YES;
				CLANG_WARN_INT_CONVERSION = YES;
				CLANG_WARN_NON_LITERAL_NULL_CONVERSION = YES;
				CLANG_WARN_OBJC_IMPLICIT_RETAIN_SELF = YES;
				CLANG_WARN_OBJC_LITERAL_CONVERSION = YES;
				CLANG_WARN_OBJC_ROOT_CLASS = YES_ERROR;
				CLANG_WARN_QUOTED_INCLUDE_IN_FRAMEWORK_HEADER = YES;
				CLANG_WARN_RANGE_LOOP_ANALYSIS = YES;
				CLANG_WARN_STRICT_PROTOTYPES = YES;
				CLANG_WARN_SUSPICIOUS_MOVE = YES;
				CLANG_WARN_UNGUARDED_AVAILABILITY = YES_AGGRESSIVE;
				CLANG_WARN_UNREACHABLE_CODE = YES;
				CLANG_WARN__DUPLICATE_METHOD_MATCH = YES;
				COPY_PHASE_STRIP = NO;
				CURRENT_PROJECT_VERSION = 1;
				DEBUG_INFORMATION_FORMAT = dwarf;
				ENABLE_STRICT_OBJC_MSGSEND = YES;
				ENABLE_TESTABILITY = YES;
				GCC_C_LANGUAGE_STANDARD = gnu11;
				GCC_DYNAMIC_NO_PIC = NO;
				GCC_NO_COMMON_BLOCKS = YES;
				GCC_OPTIMIZATION_LEVEL = 0;
				GCC_PREPROCESSOR_DEFINITIONS = (
					"DEBUG=1",
					"$(inherited)",
				);
				GCC_WARN_64_TO_32_BIT_CONVERSION = YES;
				GCC_WARN_ABOUT_RETURN_TYPE = YES_ERROR;
				GCC_WARN_UNDECLARED_SELECTOR = YES;
				GCC_WARN_UNINITIALIZED_AUTOS = YES_AGGRESSIVE;
				GCC_WARN_UNUSED_FUNCTION = YES;
				GCC_WARN_UNUSED_VARIABLE = YES;
				IPHONEOS_DEPLOYMENT_TARGET = 15.4;
				MTL_ENABLE_DEBUG_INFO = INCLUDE_SOURCE;
				MTL_FAST_MATH = YES;
				ONLY_ACTIVE_ARCH = YES;
				SDKROOT = iphoneos;
				VERSIONING_SYSTEM = "apple-generic";
				VERSION_INFO_PREFIX = "";
			};
			name = Debug;
		};
		3691CE9B287FAB9C00636AC3 /* Release */ = {
			isa = XCBuildConfiguration;
			buildSettings = {
				ALWAYS_SEARCH_USER_PATHS = NO;
				CLANG_ANALYZER_NONNULL = YES;
				CLANG_ANALYZER_NUMBER_OBJECT_CONVERSION = YES_AGGRESSIVE;
				CLANG_CXX_LANGUAGE_STANDARD = "gnu++17";
				CLANG_ENABLE_MODULES = YES;
				CLANG_ENABLE_OBJC_ARC = YES;
				CLANG_ENABLE_OBJC_WEAK = YES;
				CLANG_WARN_BLOCK_CAPTURE_AUTORELEASING = YES;
				CLANG_WARN_BOOL_CONVERSION = YES;
				CLANG_WARN_COMMA = YES;
				CLANG_WARN_CONSTANT_CONVERSION = YES;
				CLANG_WARN_DEPRECATED_OBJC_IMPLEMENTATIONS = YES;
				CLANG_WARN_DIRECT_OBJC_ISA_USAGE = YES_ERROR;
				CLANG_WARN_DOCUMENTATION_COMMENTS = YES;
				CLANG_WARN_EMPTY_BODY = YES;
				CLANG_WARN_ENUM_CONVERSION = YES;
				CLANG_WARN_INFINITE_RECURSION = YES;
				CLANG_WARN_INT_CONVERSION = YES;
				CLANG_WARN_NON_LITERAL_NULL_CONVERSION = YES;
				CLANG_WARN_OBJC_IMPLICIT_RETAIN_SELF = YES;
				CLANG_WARN_OBJC_LITERAL_CONVERSION = YES;
				CLANG_WARN_OBJC_ROOT_CLASS = YES_ERROR;
				CLANG_WARN_QUOTED_INCLUDE_IN_FRAMEWORK_HEADER = YES;
				CLANG_WARN_RANGE_LOOP_ANALYSIS = YES;
				CLANG_WARN_STRICT_PROTOTYPES = YES;
				CLANG_WARN_SUSPICIOUS_MOVE = YES;
				CLANG_WARN_UNGUARDED_AVAILABILITY = YES_AGGRESSIVE;
				CLANG_WARN_UNREACHABLE_CODE = YES;
				CLANG_WARN__DUPLICATE_METHOD_MATCH = YES;
				COPY_PHASE_STRIP = NO;
				CURRENT_PROJECT_VERSION = 1;
				DEBUG_INFORMATION_FORMAT = "dwarf-with-dsym";
				ENABLE_NS_ASSERTIONS = NO;
				ENABLE_STRICT_OBJC_MSGSEND = YES;
				GCC_C_LANGUAGE_STANDARD = gnu11;
				GCC_NO_COMMON_BLOCKS = YES;
				GCC_WARN_64_TO_32_BIT_CONVERSION = YES;
				GCC_WARN_ABOUT_RETURN_TYPE = YES_ERROR;
				GCC_WARN_UNDECLARED_SELECTOR = YES;
				GCC_WARN_UNINITIALIZED_AUTOS = YES_AGGRESSIVE;
				GCC_WARN_UNUSED_FUNCTION = YES;
				GCC_WARN_UNUSED_VARIABLE = YES;
				IPHONEOS_DEPLOYMENT_TARGET = 15.4;
				MTL_ENABLE_DEBUG_INFO = NO;
				MTL_FAST_MATH = YES;
				SDKROOT = iphoneos;
				VALIDATE_PRODUCT = YES;
				VERSIONING_SYSTEM = "apple-generic";
				VERSION_INFO_PREFIX = "";
			};
			name = Release;
		};
		3691CE9D287FAB9C00636AC3 /* Debug */ = {
			isa = XCBuildConfiguration;
			buildSettings = {
				CODE_SIGN_STYLE = Automatic;
				CURRENT_PROJECT_VERSION = 1;
				DEFINES_MODULE = YES;
				DEVELOPMENT_TEAM = 3N442V95M6;
				DYLIB_COMPATIBILITY_VERSION = 1;
				DYLIB_CURRENT_VERSION = 1;
				DYLIB_INSTALL_NAME_BASE = "@rpath";
				GENERATE_INFOPLIST_FILE = YES;
				INFOPLIST_KEY_NSHumanReadableCopyright = "";
				INSTALL_PATH = "$(LOCAL_LIBRARY_DIR)/Frameworks";
				IPHONEOS_DEPLOYMENT_TARGET = 11.0;
				LD_RUNPATH_SEARCH_PATHS = (
					"$(inherited)",
					"@executable_path/Frameworks",
					"@loader_path/Frameworks",
				);
				MACH_O_TYPE = staticlib;
				MARKETING_VERSION = 1.0;
				PRODUCT_BUNDLE_IDENTIFIER = com.xroom.XJBleSDK;
				PRODUCT_NAME = "$(TARGET_NAME:c99extidentifier)";
				SKIP_INSTALL = YES;
				SWIFT_EMIT_LOC_STRINGS = YES;
				TARGETED_DEVICE_FAMILY = "1,2";
			};
			name = Debug;
		};
		3691CE9E287FAB9C00636AC3 /* Release */ = {
			isa = XCBuildConfiguration;
			buildSettings = {
				CODE_SIGN_STYLE = Automatic;
				CURRENT_PROJECT_VERSION = 1;
				DEFINES_MODULE = YES;
				DEVELOPMENT_TEAM = 3N442V95M6;
				DYLIB_COMPATIBILITY_VERSION = 1;
				DYLIB_CURRENT_VERSION = 1;
				DYLIB_INSTALL_NAME_BASE = "@rpath";
				GENERATE_INFOPLIST_FILE = YES;
				INFOPLIST_KEY_NSHumanReadableCopyright = "";
				INSTALL_PATH = "$(LOCAL_LIBRARY_DIR)/Frameworks";
				IPHONEOS_DEPLOYMENT_TARGET = 11.0;
				LD_RUNPATH_SEARCH_PATHS = (
					"$(inherited)",
					"@executable_path/Frameworks",
					"@loader_path/Frameworks",
				);
				MACH_O_TYPE = staticlib;
				MARKETING_VERSION = 1.0;
				PRODUCT_BUNDLE_IDENTIFIER = com.xroom.XJBleSDK;
				PRODUCT_NAME = "$(TARGET_NAME:c99extidentifier)";
				SKIP_INSTALL = YES;
				SWIFT_EMIT_LOC_STRINGS = YES;
				TARGETED_DEVICE_FAMILY = "1,2";
			};
			name = Release;
		};
/* End XCBuildConfiguration section */

/* Begin XCConfigurationList section */
		3691CE8D287FAB9C00636AC3 /* Build configuration list for PBXProject "XJBleSDK" */ = {
			isa = XCConfigurationList;
			buildConfigurations = (
				3691CE9A287FAB9C00636AC3 /* Debug */,
				3691CE9B287FAB9C00636AC3 /* Release */,
			);
			defaultConfigurationIsVisible = 0;
			defaultConfigurationName = Release;
		};
		3691CE9C287FAB9C00636AC3 /* Build configuration list for PBXNativeTarget "XJBleSDK" */ = {
			isa = XCConfigurationList;
			buildConfigurations = (
				3691CE9D287FAB9C00636AC3 /* Debug */,
				3691CE9E287FAB9C00636AC3 /* Release */,
			);
			defaultConfigurationIsVisible = 0;
			defaultConfigurationName = Release;
		};
/* End XCConfigurationList section */
	};
	rootObject = 3691CE8A287FAB9C00636AC3 /* Project object */;
}
